
Microsoft Visual Studio Solution File, Format Version 12.00
# Visual Studio 15
VisualStudioVersion = 15.0.28307.168
MinimumVisualStudioVersion = 10.0.40219.1
Project("{FAE04EC0-301F-11D3-BF4B-00C04F79EFBC}") = "Siskon_WebApi_Exam", "Siskon_WebApi_Exam\Siskon_WebApi_Exam.csproj", "{D53474DD-646E-4665-A4A6-0520CE79D2FA}"
EndProject
Project("{FAE04EC0-301F-11D3-BF4B-00C04F79EFBC}") = "Siskon_EF", "Siskon_EF\Siskon_EF.csproj", "{150F2911-2ABA-41E6-8A23-BC95FE292B35}"
EndProject
Global
	GlobalSection(SolutionConfigurationPlatforms) = preSolution
		Debug|Any CPU = Debug|Any CPU
		Release|Any CPU = Release|Any CPU
	EndGlobalSection
	GlobalSection(ProjectConfigurationPlatforms) = postSolution
		{D53474DD-646E-4665-A4A6-0520CE79D2FA}.Debug|Any CPU.ActiveCfg = Debug|Any CPU
		{D53474DD-646E-4665-A4A6-0520CE79D2FA}.Debug|Any CPU.Build.0 = Debug|Any CPU
		{D53474DD-646E-4665-A4A6-0520CE79D2FA}.Release|Any CPU.ActiveCfg = Release|Any CPU
		{D53474DD-646E-4665-A4A6-0520CE79D2FA}.Release|Any CPU.Build.0 = Release|Any CPU
		{150F2911-2ABA-41E6-8A23-BC95FE292B35}.Debug|Any CPU.ActiveCfg = Debug|Any CPU
		{150F2911-2ABA-41E6-8A23-BC95FE292B35}.Debug|Any CPU.Build.0 = Debug|Any CPU
		{150F2911-2ABA-41E6-8A23-BC95FE292B35}.Release|Any CPU.ActiveCfg = Release|Any CPU
		{150F2911-2ABA-41E6-8A23-BC95FE292B35}.Release|Any CPU.Build.0 = Release|Any CPU
	EndGlobalSection
	GlobalSection(SolutionProperties) = preSolution
		HideSolutionNode = FALSE
	EndGlobalSection
	GlobalSection(ExtensibilityGlobals) = postSolution
		SolutionGuid = {C0E5C2A1-7E77-41FB-AEC9-6C4AE8E00C28}
	EndGlobalSection
EndGlobal
